{
  "name": "@amjad_bhutto/university-management",
  "version": "1.0.1",
  "lockfileVersion": 3,
  "requires": true,
  "packages": {
    "": {
      "name": "@amjad_bhutto/university-management",
      "version": "1.0.1",
      "license": "ISC",
      "dependencies": {
        "@amjad_bhutto/university-management": "^1.0.1"
      },
      "bin": {
        "university-management": "index.js"
      }
    },
    "node_modules/@amjad_bhutto/university-management": {
      "version": "1.0.1",
      "resolved": "https://registry.npmjs.org/@amjad_bhutto/university-management/-/university-management-1.0.1.tgz",
      "integrity": "sha512-+sEaI+u5L65z3dEw4l10MaH/l/xQFg84JUKTxCbXfG6RP7pNIcjBop2/N4c4YufArgrm1gk/QnNqZQN4CHKSpA==",
      "dependencies": {
        "@amjad_bhutto/university-management": "^1.0.0"
      },
      "bin": {
        "university-management": "index.js"
      }
    }
  }
}
